
Microsoft Visual Studio Solution File, Format Version 12.00
# Visual Studio Version 16
VisualStudioVersion = 16.0.31424.327
MinimumVisualStudioVersion = 10.0.40219.1
Project("{FAE04EC0-301F-11D3-BF4B-00C04F79EFBC}") = "FactoryPatternDemo", "FactoryPatternDemo\FactoryPatternDemo.csproj", "{5E24D64E-1469-4A4D-8086-FD54E4FF5A15}"
EndProject
Project("{FAE04EC0-301F-11D3-BF4B-00C04F79EFBC}") = "AbstractFactoryPatternDemo", "AbstractFactoryPatternDemo\AbstractFactoryPatternDemo.csproj", "{F56275D3-E110-4661-AA27-9A82C6D23590}"
EndProject
Project("{FAE04EC0-301F-11D3-BF4B-00C04F79EFBC}") = "SingletonDemo", "SingletonDemo\SingletonDemo.csproj", "{30821517-AB91-4062-826E-F3647AF53960}"
EndProject
Project("{FAE04EC0-301F-11D3-BF4B-00C04F79EFBC}") = "BuilderPatternDemo", "BuilderPatternDemo\BuilderPatternDemo.csproj", "{D6B0BD22-0A52-47E9-9E94-C94A584DC0D1}"
EndProject
Project("{FAE04EC0-301F-11D3-BF4B-00C04F79EFBC}") = "PrototypeDemo", "PrototypeDemo\PrototypeDemo.csproj", "{D337AC93-9CC1-4F5A-AE4E-ED9852CCD73B}"
EndProject
Global
	GlobalSection(SolutionConfigurationPlatforms) = preSolution
		Debug|Any CPU = Debug|Any CPU
		Release|Any CPU = Release|Any CPU
	EndGlobalSection
	GlobalSection(ProjectConfigurationPlatforms) = postSolution
		{5E24D64E-1469-4A4D-8086-FD54E4FF5A15}.Debug|Any CPU.ActiveCfg = Debug|Any CPU
		{5E24D64E-1469-4A4D-8086-FD54E4FF5A15}.Debug|Any CPU.Build.0 = Debug|Any CPU
		{5E24D64E-1469-4A4D-8086-FD54E4FF5A15}.Release|Any CPU.ActiveCfg = Release|Any CPU
		{5E24D64E-1469-4A4D-8086-FD54E4FF5A15}.Release|Any CPU.Build.0 = Release|Any CPU
		{F56275D3-E110-4661-AA27-9A82C6D23590}.Debug|Any CPU.ActiveCfg = Debug|Any CPU
		{F56275D3-E110-4661-AA27-9A82C6D23590}.Debug|Any CPU.Build.0 = Debug|Any CPU
		{F56275D3-E110-4661-AA27-9A82C6D23590}.Release|Any CPU.ActiveCfg = Release|Any CPU
		{F56275D3-E110-4661-AA27-9A82C6D23590}.Release|Any CPU.Build.0 = Release|Any CPU
		{30821517-AB91-4062-826E-F3647AF53960}.Debug|Any CPU.ActiveCfg = Debug|Any CPU
		{30821517-AB91-4062-826E-F3647AF53960}.Debug|Any CPU.Build.0 = Debug|Any CPU
		{30821517-AB91-4062-826E-F3647AF53960}.Release|Any CPU.ActiveCfg = Release|Any CPU
		{30821517-AB91-4062-826E-F3647AF53960}.Release|Any CPU.Build.0 = Release|Any CPU
		{D6B0BD22-0A52-47E9-9E94-C94A584DC0D1}.Debug|Any CPU.ActiveCfg = Debug|Any CPU
		{D6B0BD22-0A52-47E9-9E94-C94A584DC0D1}.Debug|Any CPU.Build.0 = Debug|Any CPU
		{D6B0BD22-0A52-47E9-9E94-C94A584DC0D1}.Release|Any CPU.ActiveCfg = Release|Any CPU
		{D6B0BD22-0A52-47E9-9E94-C94A584DC0D1}.Release|Any CPU.Build.0 = Release|Any CPU
		{D337AC93-9CC1-4F5A-AE4E-ED9852CCD73B}.Debug|Any CPU.ActiveCfg = Debug|Any CPU
		{D337AC93-9CC1-4F5A-AE4E-ED9852CCD73B}.Debug|Any CPU.Build.0 = Debug|Any CPU
		{D337AC93-9CC1-4F5A-AE4E-ED9852CCD73B}.Release|Any CPU.ActiveCfg = Release|Any CPU
		{D337AC93-9CC1-4F5A-AE4E-ED9852CCD73B}.Release|Any CPU.Build.0 = Release|Any CPU
	EndGlobalSection
	GlobalSection(SolutionProperties) = preSolution
		HideSolutionNode = FALSE
	EndGlobalSection
	GlobalSection(ExtensibilityGlobals) = postSolution
		SolutionGuid = {8EF71BAA-45E2-4349-8397-00219B425CAD}
	EndGlobalSection
EndGlobal
